
Microsoft Visual Studio Solution File, Format Version 12.00
# Visual Studio 2012
Project("{FAE04EC0-301F-11D3-BF4B-00C04F79EFBC}") = "Base", "base\Base.csproj", "{8B7A312A-7821-4D28-9D55-EDB46FFC42AA}"
EndProject
Global
	GlobalSection(SolutionConfigurationPlatforms) = preSolution
		Debug|Any CPU = Debug|Any CPU
		Release|Any CPU = Release|Any CPU
	EndGlobalSection
	GlobalSection(ProjectConfigurationPlatforms) = postSolution
		{8B7A312A-7821-4D28-9D55-EDB46FFC42AA}.Debug|Any CPU.ActiveCfg = Debug|Any CPU
		{8B7A312A-7821-4D28-9D55-EDB46FFC42AA}.Debug|Any CPU.Build.0 = Debug|Any CPU
		{8B7A312A-7821-4D28-9D55-EDB46FFC42AA}.Release|Any CPU.ActiveCfg = Release|Any CPU
		{8B7A312A-7821-4D28-9D55-EDB46FFC42AA}.Release|Any CPU.Build.0 = Release|Any CPU
	EndGlobalSection
EndGlobal
