
Microsoft Visual Studio Solution File, Format Version 12.00
# Visual Studio 2012
Project("{FAE04EC0-301F-11D3-BF4B-00C04F79EFBC}") = "Base", "base\Base.csproj", "{8B7A312A-7821-4D28-9D55-EDB46FFC42AA}"
EndProject
Project("{FAE04EC0-301F-11D3-BF4B-00C04F79EFBC}") = "Verify", "verify\Verify.csproj", "{27D6AF07-2CEC-42F9-96CA-5B86597DAC92}"
EndProject
Project("{FAE04EC0-301F-11D3-BF4B-00C04F79EFBC}") = "NbtTool", "nbttool\NbtTool.csproj", "{0B7D4478-87AD-4C71-B459-11B6FC08FD4A}"
EndProject
Global
	GlobalSection(SolutionConfigurationPlatforms) = preSolution
		Debug|Any CPU = Debug|Any CPU
		Release|Any CPU = Release|Any CPU
	EndGlobalSection
	GlobalSection(ProjectConfigurationPlatforms) = postSolution
		{8B7A312A-7821-4D28-9D55-EDB46FFC42AA}.Debug|Any CPU.ActiveCfg = Debug|Any CPU
		{8B7A312A-7821-4D28-9D55-EDB46FFC42AA}.Debug|Any CPU.Build.0 = Debug|Any CPU
		{8B7A312A-7821-4D28-9D55-EDB46FFC42AA}.Release|Any CPU.ActiveCfg = Release|Any CPU
		{8B7A312A-7821-4D28-9D55-EDB46FFC42AA}.Release|Any CPU.Build.0 = Release|Any CPU
		{27D6AF07-2CEC-42F9-96CA-5B86597DAC92}.Debug|Any CPU.ActiveCfg = Debug|Any CPU
		{27D6AF07-2CEC-42F9-96CA-5B86597DAC92}.Debug|Any CPU.Build.0 = Debug|Any CPU
		{27D6AF07-2CEC-42F9-96CA-5B86597DAC92}.Release|Any CPU.ActiveCfg = Release|Any CPU
		{27D6AF07-2CEC-42F9-96CA-5B86597DAC92}.Release|Any CPU.Build.0 = Release|Any CPU
		{0B7D4478-87AD-4C71-B459-11B6FC08FD4A}.Debug|Any CPU.ActiveCfg = Debug|Any CPU
		{0B7D4478-87AD-4C71-B459-11B6FC08FD4A}.Debug|Any CPU.Build.0 = Debug|Any CPU
		{0B7D4478-87AD-4C71-B459-11B6FC08FD4A}.Release|Any CPU.ActiveCfg = Release|Any CPU
		{0B7D4478-87AD-4C71-B459-11B6FC08FD4A}.Release|Any CPU.Build.0 = Release|Any CPU
	EndGlobalSection
EndGlobal
